
Microsoft Visual Studio Solution File, Format Version 12.00
# Visual Studio Version 17
VisualStudioVersion = 17.13.35931.197 d17.13
MinimumVisualStudioVersion = 10.0.40219.1
Project("{FAE04EC0-301F-11D3-BF4B-00C04F79EFBC}") = "Ef_CodeFirst", "Ef_CodeFirst\Ef_CodeFirst.csproj", "{FB3BE6D7-D6A4-4F21-93C8-673DB8C4BE44}"
EndProject
Global
	GlobalSection(SolutionConfigurationPlatforms) = preSolution
		Debug|Any CPU = Debug|Any CPU
		Release|Any CPU = Release|Any CPU
	EndGlobalSection
	GlobalSection(ProjectConfigurationPlatforms) = postSolution
		{FB3BE6D7-D6A4-4F21-93C8-673DB8C4BE44}.Debug|Any CPU.ActiveCfg = Debug|Any CPU
		{FB3BE6D7-D6A4-4F21-93C8-673DB8C4BE44}.Debug|Any CPU.Build.0 = Debug|Any CPU
		{FB3BE6D7-D6A4-4F21-93C8-673DB8C4BE44}.Release|Any CPU.ActiveCfg = Release|Any CPU
		{FB3BE6D7-D6A4-4F21-93C8-673DB8C4BE44}.Release|Any CPU.Build.0 = Release|Any CPU
	EndGlobalSection
	GlobalSection(SolutionProperties) = preSolution
		HideSolutionNode = FALSE
	EndGlobalSection
	GlobalSection(ExtensibilityGlobals) = postSolution
		SolutionGuid = {9747FE8D-9D40-44F0-916D-7EC101F1DFD8}
	EndGlobalSection
EndGlobal
