
Microsoft Visual Studio Solution File, Format Version 12.00
# Visual Studio Version 17
VisualStudioVersion = 17.13.35931.197 d17.13
MinimumVisualStudioVersion = 10.0.40219.1
Project("{FAE04EC0-301F-11D3-BF4B-00C04F79EFBC}") = "oop_adventure", "oop_adventure\oop_adventure.csproj", "{9A74CF97-8923-4009-B18E-0663031192CD}"
EndProject
Global
	GlobalSection(SolutionConfigurationPlatforms) = preSolution
		Debug|Any CPU = Debug|Any CPU
		Release|Any CPU = Release|Any CPU
	EndGlobalSection
	GlobalSection(ProjectConfigurationPlatforms) = postSolution
		{9A74CF97-8923-4009-B18E-0663031192CD}.Debug|Any CPU.ActiveCfg = Debug|Any CPU
		{9A74CF97-8923-4009-B18E-0663031192CD}.Debug|Any CPU.Build.0 = Debug|Any CPU
		{9A74CF97-8923-4009-B18E-0663031192CD}.Release|Any CPU.ActiveCfg = Release|Any CPU
		{9A74CF97-8923-4009-B18E-0663031192CD}.Release|Any CPU.Build.0 = Release|Any CPU
	EndGlobalSection
	GlobalSection(SolutionProperties) = preSolution
		HideSolutionNode = FALSE
	EndGlobalSection
	GlobalSection(ExtensibilityGlobals) = postSolution
		SolutionGuid = {B92141BC-2A37-41BC-AA27-5029C45B5689}
	EndGlobalSection
EndGlobal
