
Microsoft Visual Studio Solution File, Format Version 12.00
# Visual Studio Version 17
VisualStudioVersion = 17.13.35931.197 d17.13
MinimumVisualStudioVersion = 10.0.40219.1
Project("{FAE04EC0-301F-11D3-BF4B-00C04F79EFBC}") = "disconnectedMOdel", "disconnectedMOdel\disconnectedMOdel.csproj", "{8A164B74-ABE0-423B-93D8-D4E5452275DE}"
EndProject
Global
	GlobalSection(SolutionConfigurationPlatforms) = preSolution
		Debug|Any CPU = Debug|Any CPU
		Release|Any CPU = Release|Any CPU
	EndGlobalSection
	GlobalSection(ProjectConfigurationPlatforms) = postSolution
		{8A164B74-ABE0-423B-93D8-D4E5452275DE}.Debug|Any CPU.ActiveCfg = Debug|Any CPU
		{8A164B74-ABE0-423B-93D8-D4E5452275DE}.Debug|Any CPU.Build.0 = Debug|Any CPU
		{8A164B74-ABE0-423B-93D8-D4E5452275DE}.Release|Any CPU.ActiveCfg = Release|Any CPU
		{8A164B74-ABE0-423B-93D8-D4E5452275DE}.Release|Any CPU.Build.0 = Release|Any CPU
	EndGlobalSection
	GlobalSection(SolutionProperties) = preSolution
		HideSolutionNode = FALSE
	EndGlobalSection
	GlobalSection(ExtensibilityGlobals) = postSolution
		SolutionGuid = {8452AF0D-F972-4BB5-81C4-255504B16372}
	EndGlobalSection
EndGlobal
